
Microsoft Visual Studio Solution File, Format Version 12.00
# Visual Studio Version 16
VisualStudioVersion = 16.0.28902.138
MinimumVisualStudioVersion = 10.0.40219.1
Project("{FAE04EC0-301F-11D3-BF4B-00C04F79EFBC}") = "c 1111", "c 1111.csproj", "{128E897C-10D6-4AEC-AEEA-A2D8C43EAC2C}"
EndProject
Global
	GlobalSection(SolutionConfigurationPlatforms) = preSolution
		Debug|Any CPU = Debug|Any CPU
		Release|Any CPU = Release|Any CPU
	EndGlobalSection
	GlobalSection(ProjectConfigurationPlatforms) = postSolution
		{128E897C-10D6-4AEC-AEEA-A2D8C43EAC2C}.Debug|Any CPU.ActiveCfg = Debug|Any CPU
		{128E897C-10D6-4AEC-AEEA-A2D8C43EAC2C}.Debug|Any CPU.Build.0 = Debug|Any CPU
		{128E897C-10D6-4AEC-AEEA-A2D8C43EAC2C}.Release|Any CPU.ActiveCfg = Release|Any CPU
		{128E897C-10D6-4AEC-AEEA-A2D8C43EAC2C}.Release|Any CPU.Build.0 = Release|Any CPU
	EndGlobalSection
	GlobalSection(SolutionProperties) = preSolution
		HideSolutionNode = FALSE
	EndGlobalSection
	GlobalSection(ExtensibilityGlobals) = postSolution
		SolutionGuid = {D8707F1A-A96F-4AF2-90D8-7DDB575EA67F}
	EndGlobalSection
EndGlobal
